
Microsoft Visual Studio Solution File, Format Version 12.00
# Visual Studio 15
VisualStudioVersion = 15.0.26730.16
MinimumVisualStudioVersion = 10.0.40219.1
Project("{FAE04EC0-301F-11D3-BF4B-00C04F79EFBC}") = "CvdWeb", "CvdWeb\CvdWeb.csproj", "{C3A102B4-5696-4A30-887B-76090A64118F}"
EndProject
Global
	GlobalSection(SolutionConfigurationPlatforms) = preSolution
		Debug|Any CPU = Debug|Any CPU
		Release|Any CPU = Release|Any CPU
	EndGlobalSection
	GlobalSection(ProjectConfigurationPlatforms) = postSolution
		{C3A102B4-5696-4A30-887B-76090A64118F}.Debug|Any CPU.ActiveCfg = Debug|Any CPU
		{C3A102B4-5696-4A30-887B-76090A64118F}.Debug|Any CPU.Build.0 = Debug|Any CPU
		{C3A102B4-5696-4A30-887B-76090A64118F}.Release|Any CPU.ActiveCfg = Release|Any CPU
		{C3A102B4-5696-4A30-887B-76090A64118F}.Release|Any CPU.Build.0 = Release|Any CPU
	EndGlobalSection
	GlobalSection(SolutionProperties) = preSolution
		HideSolutionNode = FALSE
	EndGlobalSection
	GlobalSection(ExtensibilityGlobals) = postSolution
		SolutionGuid = {4928624A-4A8D-4A2D-A501-D6DF8A12B58F}
	EndGlobalSection
EndGlobal
